// !$*UTF8*$!
{
	archiveVersion = 1;
	classes = {
	};
	objectVersion = 51;
	objects = {

/* Begin PBXBuildFile section */
		2B94E3992629535D0D270E64 /* Pods_Exercise_ExerciseUITests.framework in Frameworks */ = {isa = PBXBuildFile; fileRef = E7991C81218792AF6CBAF94B /* Pods_Exercise_ExerciseUITests.framework */; };
		B3E150C95B02D41DFA7A4BE3 /* Pods_ExerciseTests.framework in Frameworks */ = {isa = PBXBuildFile; fileRef = F8EB7BB6F97A552A5C873ADA /* Pods_ExerciseTests.framework */; };
		BD7540AA2BC44602AA7EF6B2 /* Pods_Exercise.framework in Frameworks */ = {isa = PBXBuildFile; fileRef = 4C916FA549B1389CB95A40A2 /* Pods_Exercise.framework */; };
		EA4BB15C2695A3C9008EFDE5 /* RealmApi.swift in Sources */ = {isa = PBXBuildFile; fileRef = EA4BB15B2695A3C9008EFDE5 /* RealmApi.swift */; };
		EA4BB1642695A3EE008EFDE5 /* RealmConfig.swift in Sources */ = {isa = PBXBuildFile; fileRef = EA4BB1632695A3EE008EFDE5 /* RealmConfig.swift */; };
		EA4BB17C2696EBBB008EFDE5 /* MoviePhotoCell.swift in Sources */ = {isa = PBXBuildFile; fileRef = EA4BB17B2696EBBB008EFDE5 /* MoviePhotoCell.swift */; };
		EA4BB1A426973DD2008EFDE5 /* MovieDetailPresenter.swift in Sources */ = {isa = PBXBuildFile; fileRef = EA4BB19E26973DD2008EFDE5 /* MovieDetailPresenter.swift */; };
		EA4BB1A526973DD2008EFDE5 /* MovieDetailWorker.swift in Sources */ = {isa = PBXBuildFile; fileRef = EA4BB19F26973DD2008EFDE5 /* MovieDetailWorker.swift */; };
		EA4BB1A626973DD2008EFDE5 /* MovieDetailRouter.swift in Sources */ = {isa = PBXBuildFile; fileRef = EA4BB1A026973DD2008EFDE5 /* MovieDetailRouter.swift */; };
		EA4BB1A726973DD2008EFDE5 /* MovieDetailModels.swift in Sources */ = {isa = PBXBuildFile; fileRef = EA4BB1A126973DD2008EFDE5 /* MovieDetailModels.swift */; };
		EA4BB1A826973DD2008EFDE5 /* MovieDetailViewController.swift in Sources */ = {isa = PBXBuildFile; fileRef = EA4BB1A226973DD2008EFDE5 /* MovieDetailViewController.swift */; };
		EA4BB1A926973DD2008EFDE5 /* MovieDetailInteractor.swift in Sources */ = {isa = PBXBuildFile; fileRef = EA4BB1A326973DD2008EFDE5 /* MovieDetailInteractor.swift */; };
		EA97CAC52693F4A100547D4C /* AppDelegate.swift in Sources */ = {isa = PBXBuildFile; fileRef = EA97CAC42693F4A100547D4C /* AppDelegate.swift */; };
		EA97CAC72693F4A100547D4C /* SceneDelegate.swift in Sources */ = {isa = PBXBuildFile; fileRef = EA97CAC62693F4A100547D4C /* SceneDelegate.swift */; };
		EA97CACC2693F4A100547D4C /* Main.storyboard in Resources */ = {isa = PBXBuildFile; fileRef = EA97CACA2693F4A100547D4C /* Main.storyboard */; };
		EA97CACE2693F4A200547D4C /* Assets.xcassets in Resources */ = {isa = PBXBuildFile; fileRef = EA97CACD2693F4A200547D4C /* Assets.xcassets */; };
		EA97CAD12693F4A200547D4C /* LaunchScreen.storyboard in Resources */ = {isa = PBXBuildFile; fileRef = EA97CACF2693F4A200547D4C /* LaunchScreen.storyboard */; };
		EA97CADC2693F4A200547D4C /* ExerciseTests.swift in Sources */ = {isa = PBXBuildFile; fileRef = EA97CADB2693F4A200547D4C /* ExerciseTests.swift */; };
		EA97CAE72693F4A300547D4C /* ExerciseUITests.swift in Sources */ = {isa = PBXBuildFile; fileRef = EA97CAE62693F4A300547D4C /* ExerciseUITests.swift */; };
		EA97CB3D2694016200547D4C /* Domains.swift in Sources */ = {isa = PBXBuildFile; fileRef = EA97CB3C2694016200547D4C /* Domains.swift */; };
		EA97CB452694017E00547D4C /* Endpoints.swift in Sources */ = {isa = PBXBuildFile; fileRef = EA97CB442694017E00547D4C /* Endpoints.swift */; };
		EA97CB4A2694021C00547D4C /* AlamofireManager.swift in Sources */ = {isa = PBXBuildFile; fileRef = EA97CB492694021C00547D4C /* AlamofireManager.swift */; };
		EA97CB5F2694067500547D4C /* WebServicesAPI.swift in Sources */ = {isa = PBXBuildFile; fileRef = EA97CB5E2694067500547D4C /* WebServicesAPI.swift */; };
		EA97CB892694312500547D4C /* UserDefaultsHelper.swift in Sources */ = {isa = PBXBuildFile; fileRef = EA97CB882694312500547D4C /* UserDefaultsHelper.swift */; };
		EA97CBA026943B6E00547D4C /* LoginPresenter.swift in Sources */ = {isa = PBXBuildFile; fileRef = EA97CB9A26943B6E00547D4C /* LoginPresenter.swift */; };
		EA97CBA126943B6E00547D4C /* LoginWorker.swift in Sources */ = {isa = PBXBuildFile; fileRef = EA97CB9B26943B6E00547D4C /* LoginWorker.swift */; };
		EA97CBA226943B6E00547D4C /* LoginRouter.swift in Sources */ = {isa = PBXBuildFile; fileRef = EA97CB9C26943B6E00547D4C /* LoginRouter.swift */; };
		EA97CBA326943B6E00547D4C /* LoginModels.swift in Sources */ = {isa = PBXBuildFile; fileRef = EA97CB9D26943B6E00547D4C /* LoginModels.swift */; };
		EA97CBA426943B6E00547D4C /* LoginViewController.swift in Sources */ = {isa = PBXBuildFile; fileRef = EA97CB9E26943B6E00547D4C /* LoginViewController.swift */; };
		EA97CBA526943B6E00547D4C /* LoginInteractor.swift in Sources */ = {isa = PBXBuildFile; fileRef = EA97CB9F26943B6E00547D4C /* LoginInteractor.swift */; };
		EAB150A92698E2AF000108CC /* RoundButton.swift in Sources */ = {isa = PBXBuildFile; fileRef = EAB150A82698E2AF000108CC /* RoundButton.swift */; };
		EAF93B9726945336000F90C8 /* Globals.swift in Sources */ = {isa = PBXBuildFile; fileRef = EAF93B9626945336000F90C8 /* Globals.swift */; };
		EAF93BAC26946A72000F90C8 /* Localizable.strings in Resources */ = {isa = PBXBuildFile; fileRef = EAF93BAE26946A72000F90C8 /* Localizable.strings */; };
		EAF93BB526946AE1000F90C8 /* String.swift in Sources */ = {isa = PBXBuildFile; fileRef = EAF93BB426946AE1000F90C8 /* String.swift */; };
		EAF93BC22694732D000F90C8 /* AlertViewController.swift in Sources */ = {isa = PBXBuildFile; fileRef = EAF93BC12694732D000F90C8 /* AlertViewController.swift */; };
		EAF93BCD2694816F000F90C8 /* LoaderViewController.swift in Sources */ = {isa = PBXBuildFile; fileRef = EAF93BCC2694816F000F90C8 /* LoaderViewController.swift */; };
		EAF93BD92694A26B000F90C8 /* UserProfilePresenter.swift in Sources */ = {isa = PBXBuildFile; fileRef = EAF93BD32694A26B000F90C8 /* UserProfilePresenter.swift */; };
		EAF93BDA2694A26B000F90C8 /* UserProfileWorker.swift in Sources */ = {isa = PBXBuildFile; fileRef = EAF93BD42694A26B000F90C8 /* UserProfileWorker.swift */; };
		EAF93BDB2694A26B000F90C8 /* UserProfileRouter.swift in Sources */ = {isa = PBXBuildFile; fileRef = EAF93BD52694A26B000F90C8 /* UserProfileRouter.swift */; };
		EAF93BDC2694A26B000F90C8 /* UserProfileModels.swift in Sources */ = {isa = PBXBuildFile; fileRef = EAF93BD62694A26B000F90C8 /* UserProfileModels.swift */; };
		EAF93BDD2694A26B000F90C8 /* UserProfileViewController.swift in Sources */ = {isa = PBXBuildFile; fileRef = EAF93BD72694A26B000F90C8 /* UserProfileViewController.swift */; };
		EAF93BDE2694A26B000F90C8 /* UserProfileInteractor.swift in Sources */ = {isa = PBXBuildFile; fileRef = EAF93BD82694A26B000F90C8 /* UserProfileInteractor.swift */; };
		EAF93BEA2694A33C000F90C8 /* BillboardPresenter.swift in Sources */ = {isa = PBXBuildFile; fileRef = EAF93BE42694A33C000F90C8 /* BillboardPresenter.swift */; };
		EAF93BEB2694A33C000F90C8 /* BillboardWorker.swift in Sources */ = {isa = PBXBuildFile; fileRef = EAF93BE52694A33C000F90C8 /* BillboardWorker.swift */; };
		EAF93BEC2694A33C000F90C8 /* BillboardRouter.swift in Sources */ = {isa = PBXBuildFile; fileRef = EAF93BE62694A33C000F90C8 /* BillboardRouter.swift */; };
		EAF93BED2694A33C000F90C8 /* BillboardModels.swift in Sources */ = {isa = PBXBuildFile; fileRef = EAF93BE72694A33C000F90C8 /* BillboardModels.swift */; };
		EAF93BEE2694A33C000F90C8 /* BillboardViewController.swift in Sources */ = {isa = PBXBuildFile; fileRef = EAF93BE82694A33C000F90C8 /* BillboardViewController.swift */; };
		EAF93BEF2694A33C000F90C8 /* BillboardInteractor.swift in Sources */ = {isa = PBXBuildFile; fileRef = EAF93BE92694A33C000F90C8 /* BillboardInteractor.swift */; };
		EAF93C0D2694FCEB000F90C8 /* TabBarController.swift in Sources */ = {isa = PBXBuildFile; fileRef = EAF93C0C2694FCEB000F90C8 /* TabBarController.swift */; };
/* End PBXBuildFile section */

/* Begin PBXContainerItemProxy section */
		EA97CAD82693F4A200547D4C /* PBXContainerItemProxy */ = {
			isa = PBXContainerItemProxy;
			containerPortal = EA97CAB92693F4A100547D4C /* Project object */;
			proxyType = 1;
			remoteGlobalIDString = EA97CAC02693F4A100547D4C;
			remoteInfo = Exercise;
		};
		EA97CAE32693F4A300547D4C /* PBXContainerItemProxy */ = {
			isa = PBXContainerItemProxy;
			containerPortal = EA97CAB92693F4A100547D4C /* Project object */;
			proxyType = 1;
			remoteGlobalIDString = EA97CAC02693F4A100547D4C;
			remoteInfo = Exercise;
		};
/* End PBXContainerItemProxy section */

/* Begin PBXFileReference section */
		1219F337DCDBAACAD3C8D1A5 /* Pods-Exercise-ExerciseUITests.release.xcconfig */ = {isa = PBXFileReference; includeInIndex = 1; lastKnownFileType = text.xcconfig; name = "Pods-Exercise-ExerciseUITests.release.xcconfig"; path = "Target Support Files/Pods-Exercise-ExerciseUITests/Pods-Exercise-ExerciseUITests.release.xcconfig"; sourceTree = "<group>"; };
		4C916FA549B1389CB95A40A2 /* Pods_Exercise.framework */ = {isa = PBXFileReference; explicitFileType = wrapper.framework; includeInIndex = 0; path = Pods_Exercise.framework; sourceTree = BUILT_PRODUCTS_DIR; };
		8E6958FCCF1ACE1CA964BC02 /* Pods-ExerciseTests.release.xcconfig */ = {isa = PBXFileReference; includeInIndex = 1; lastKnownFileType = text.xcconfig; name = "Pods-ExerciseTests.release.xcconfig"; path = "Target Support Files/Pods-ExerciseTests/Pods-ExerciseTests.release.xcconfig"; sourceTree = "<group>"; };
		9999D93F5D8589EF64062FA4 /* Pods-Exercise.release.xcconfig */ = {isa = PBXFileReference; includeInIndex = 1; lastKnownFileType = text.xcconfig; name = "Pods-Exercise.release.xcconfig"; path = "Target Support Files/Pods-Exercise/Pods-Exercise.release.xcconfig"; sourceTree = "<group>"; };
		B2EF99C246F615FD4A7585CC /* Pods-Exercise.debug.xcconfig */ = {isa = PBXFileReference; includeInIndex = 1; lastKnownFileType = text.xcconfig; name = "Pods-Exercise.debug.xcconfig"; path = "Target Support Files/Pods-Exercise/Pods-Exercise.debug.xcconfig"; sourceTree = "<group>"; };
		D3C824FF36D57FD6E571BAFD /* Pods-Exercise-ExerciseUITests.debug.xcconfig */ = {isa = PBXFileReference; includeInIndex = 1; lastKnownFileType = text.xcconfig; name = "Pods-Exercise-ExerciseUITests.debug.xcconfig"; path = "Target Support Files/Pods-Exercise-ExerciseUITests/Pods-Exercise-ExerciseUITests.debug.xcconfig"; sourceTree = "<group>"; };
		E7991C81218792AF6CBAF94B /* Pods_Exercise_ExerciseUITests.framework */ = {isa = PBXFileReference; explicitFileType = wrapper.framework; includeInIndex = 0; path = Pods_Exercise_ExerciseUITests.framework; sourceTree = BUILT_PRODUCTS_DIR; };
		EA4BB15B2695A3C9008EFDE5 /* RealmApi.swift */ = {isa = PBXFileReference; lastKnownFileType = sourcecode.swift; path = RealmApi.swift; sourceTree = "<group>"; };
		EA4BB1632695A3EE008EFDE5 /* RealmConfig.swift */ = {isa = PBXFileReference; lastKnownFileType = sourcecode.swift; path = RealmConfig.swift; sourceTree = "<group>"; };
		EA4BB17B2696EBBB008EFDE5 /* MoviePhotoCell.swift */ = {isa = PBXFileReference; lastKnownFileType = sourcecode.swift; path = MoviePhotoCell.swift; sourceTree = "<group>"; };
		EA4BB19E26973DD2008EFDE5 /* MovieDetailPresenter.swift */ = {isa = PBXFileReference; lastKnownFileType = sourcecode.swift; path = MovieDetailPresenter.swift; sourceTree = "<group>"; };
		EA4BB19F26973DD2008EFDE5 /* MovieDetailWorker.swift */ = {isa = PBXFileReference; lastKnownFileType = sourcecode.swift; path = MovieDetailWorker.swift; sourceTree = "<group>"; };
		EA4BB1A026973DD2008EFDE5 /* MovieDetailRouter.swift */ = {isa = PBXFileReference; lastKnownFileType = sourcecode.swift; path = MovieDetailRouter.swift; sourceTree = "<group>"; };
		EA4BB1A126973DD2008EFDE5 /* MovieDetailModels.swift */ = {isa = PBXFileReference; lastKnownFileType = sourcecode.swift; path = MovieDetailModels.swift; sourceTree = "<group>"; };
		EA4BB1A226973DD2008EFDE5 /* MovieDetailViewController.swift */ = {isa = PBXFileReference; lastKnownFileType = sourcecode.swift; path = MovieDetailViewController.swift; sourceTree = "<group>"; };
		EA4BB1A326973DD2008EFDE5 /* MovieDetailInteractor.swift */ = {isa = PBXFileReference; lastKnownFileType = sourcecode.swift; path = MovieDetailInteractor.swift; sourceTree = "<group>"; };
		EA97CAC12693F4A100547D4C /* Exercise.app */ = {isa = PBXFileReference; explicitFileType = wrapper.application; includeInIndex = 0; path = Exercise.app; sourceTree = BUILT_PRODUCTS_DIR; };
		EA97CAC42693F4A100547D4C /* AppDelegate.swift */ = {isa = PBXFileReference; lastKnownFileType = sourcecode.swift; path = AppDelegate.swift; sourceTree = "<group>"; };
		EA97CAC62693F4A100547D4C /* SceneDelegate.swift */ = {isa = PBXFileReference; lastKnownFileType = sourcecode.swift; path = SceneDelegate.swift; sourceTree = "<group>"; };
		EA97CACB2693F4A100547D4C /* Base */ = {isa = PBXFileReference; lastKnownFileType = file.storyboard; name = Base; path = Base.lproj/Main.storyboard; sourceTree = "<group>"; };
		EA97CACD2693F4A200547D4C /* Assets.xcassets */ = {isa = PBXFileReference; lastKnownFileType = folder.assetcatalog; path = Assets.xcassets; sourceTree = "<group>"; };
		EA97CAD02693F4A200547D4C /* Base */ = {isa = PBXFileReference; lastKnownFileType = file.storyboard; name = Base; path = Base.lproj/LaunchScreen.storyboard; sourceTree = "<group>"; };
		EA97CAD22693F4A200547D4C /* Info.plist */ = {isa = PBXFileReference; lastKnownFileType = text.plist.xml; path = Info.plist; sourceTree = "<group>"; };
		EA97CAD72693F4A200547D4C /* ExerciseTests.xctest */ = {isa = PBXFileReference; explicitFileType = wrapper.cfbundle; includeInIndex = 0; path = ExerciseTests.xctest; sourceTree = BUILT_PRODUCTS_DIR; };
		EA97CADB2693F4A200547D4C /* ExerciseTests.swift */ = {isa = PBXFileReference; lastKnownFileType = sourcecode.swift; path = ExerciseTests.swift; sourceTree = "<group>"; };
		EA97CADD2693F4A200547D4C /* Info.plist */ = {isa = PBXFileReference; lastKnownFileType = text.plist.xml; path = Info.plist; sourceTree = "<group>"; };
		EA97CAE22693F4A300547D4C /* ExerciseUITests.xctest */ = {isa = PBXFileReference; explicitFileType = wrapper.cfbundle; includeInIndex = 0; path = ExerciseUITests.xctest; sourceTree = BUILT_PRODUCTS_DIR; };
		EA97CAE62693F4A300547D4C /* ExerciseUITests.swift */ = {isa = PBXFileReference; lastKnownFileType = sourcecode.swift; path = ExerciseUITests.swift; sourceTree = "<group>"; };
		EA97CAE82693F4A300547D4C /* Info.plist */ = {isa = PBXFileReference; lastKnownFileType = text.plist.xml; path = Info.plist; sourceTree = "<group>"; };
		EA97CB3C2694016200547D4C /* Domains.swift */ = {isa = PBXFileReference; lastKnownFileType = sourcecode.swift; path = Domains.swift; sourceTree = "<group>"; };
		EA97CB442694017E00547D4C /* Endpoints.swift */ = {isa = PBXFileReference; lastKnownFileType = sourcecode.swift; path = Endpoints.swift; sourceTree = "<group>"; };
		EA97CB492694021C00547D4C /* AlamofireManager.swift */ = {isa = PBXFileReference; lastKnownFileType = sourcecode.swift; path = AlamofireManager.swift; sourceTree = "<group>"; };
		EA97CB5E2694067500547D4C /* WebServicesAPI.swift */ = {isa = PBXFileReference; lastKnownFileType = sourcecode.swift; path = WebServicesAPI.swift; sourceTree = "<group>"; };
		EA97CB882694312500547D4C /* UserDefaultsHelper.swift */ = {isa = PBXFileReference; lastKnownFileType = sourcecode.swift; path = UserDefaultsHelper.swift; sourceTree = "<group>"; };
		EA97CB9A26943B6E00547D4C /* LoginPresenter.swift */ = {isa = PBXFileReference; lastKnownFileType = sourcecode.swift; path = LoginPresenter.swift; sourceTree = "<group>"; };
		EA97CB9B26943B6E00547D4C /* LoginWorker.swift */ = {isa = PBXFileReference; lastKnownFileType = sourcecode.swift; path = LoginWorker.swift; sourceTree = "<group>"; };
		EA97CB9C26943B6E00547D4C /* LoginRouter.swift */ = {isa = PBXFileReference; lastKnownFileType = sourcecode.swift; path = LoginRouter.swift; sourceTree = "<group>"; };
		EA97CB9D26943B6E00547D4C /* LoginModels.swift */ = {isa = PBXFileReference; lastKnownFileType = sourcecode.swift; path = LoginModels.swift; sourceTree = "<group>"; };
		EA97CB9E26943B6E00547D4C /* LoginViewController.swift */ = {isa = PBXFileReference; lastKnownFileType = sourcecode.swift; path = LoginViewController.swift; sourceTree = "<group>"; };
		EA97CB9F26943B6E00547D4C /* LoginInteractor.swift */ = {isa = PBXFileReference; lastKnownFileType = sourcecode.swift; path = LoginInteractor.swift; sourceTree = "<group>"; };
		EAB150A82698E2AF000108CC /* RoundButton.swift */ = {isa = PBXFileReference; lastKnownFileType = sourcecode.swift; path = RoundButton.swift; sourceTree = "<group>"; };
		EAF93B9626945336000F90C8 /* Globals.swift */ = {isa = PBXFileReference; lastKnownFileType = sourcecode.swift; path = Globals.swift; sourceTree = "<group>"; };
		EAF93B9E269469AB000F90C8 /* es-419 */ = {isa = PBXFileReference; lastKnownFileType = text.plist.strings; name = "es-419"; path = "es-419.lproj/LaunchScreen.strings"; sourceTree = "<group>"; };
		EAF93B9F269469AB000F90C8 /* es-419 */ = {isa = PBXFileReference; lastKnownFileType = text.plist.strings; name = "es-419"; path = "es-419.lproj/Main.strings"; sourceTree = "<group>"; };
		EAF93BAD26946A72000F90C8 /* en */ = {isa = PBXFileReference; lastKnownFileType = text.plist.strings; name = en; path = en.lproj/Localizable.strings; sourceTree = "<group>"; };
		EAF93BB226946A77000F90C8 /* es-419 */ = {isa = PBXFileReference; lastKnownFileType = text.plist.strings; name = "es-419"; path = "es-419.lproj/Localizable.strings"; sourceTree = "<group>"; };
		EAF93BB426946AE1000F90C8 /* String.swift */ = {isa = PBXFileReference; lastKnownFileType = sourcecode.swift; path = String.swift; sourceTree = "<group>"; };
		EAF93BC12694732D000F90C8 /* AlertViewController.swift */ = {isa = PBXFileReference; lastKnownFileType = sourcecode.swift; path = AlertViewController.swift; sourceTree = "<group>"; };
		EAF93BCC2694816F000F90C8 /* LoaderViewController.swift */ = {isa = PBXFileReference; lastKnownFileType = sourcecode.swift; path = LoaderViewController.swift; sourceTree = "<group>"; };
		EAF93BD32694A26B000F90C8 /* UserProfilePresenter.swift */ = {isa = PBXFileReference; lastKnownFileType = sourcecode.swift; path = UserProfilePresenter.swift; sourceTree = "<group>"; };
		EAF93BD42694A26B000F90C8 /* UserProfileWorker.swift */ = {isa = PBXFileReference; lastKnownFileType = sourcecode.swift; path = UserProfileWorker.swift; sourceTree = "<group>"; };
		EAF93BD52694A26B000F90C8 /* UserProfileRouter.swift */ = {isa = PBXFileReference; lastKnownFileType = sourcecode.swift; path = UserProfileRouter.swift; sourceTree = "<group>"; };
		EAF93BD62694A26B000F90C8 /* UserProfileModels.swift */ = {isa = PBXFileReference; lastKnownFileType = sourcecode.swift; path = UserProfileModels.swift; sourceTree = "<group>"; };
		EAF93BD72694A26B000F90C8 /* UserProfileViewController.swift */ = {isa = PBXFileReference; lastKnownFileType = sourcecode.swift; path = UserProfileViewController.swift; sourceTree = "<group>"; };
		EAF93BD82694A26B000F90C8 /* UserProfileInteractor.swift */ = {isa = PBXFileReference; lastKnownFileType = sourcecode.swift; path = UserProfileInteractor.swift; sourceTree = "<group>"; };
		EAF93BE42694A33C000F90C8 /* BillboardPresenter.swift */ = {isa = PBXFileReference; lastKnownFileType = sourcecode.swift; path = BillboardPresenter.swift; sourceTree = "<group>"; };
		EAF93BE52694A33C000F90C8 /* BillboardWorker.swift */ = {isa = PBXFileReference; lastKnownFileType = sourcecode.swift; path = BillboardWorker.swift; sourceTree = "<group>"; };
		EAF93BE62694A33C000F90C8 /* BillboardRouter.swift */ = {isa = PBXFileReference; lastKnownFileType = sourcecode.swift; path = BillboardRouter.swift; sourceTree = "<group>"; };
		EAF93BE72694A33C000F90C8 /* BillboardModels.swift */ = {isa = PBXFileReference; lastKnownFileType = sourcecode.swift; path = BillboardModels.swift; sourceTree = "<group>"; };
		EAF93BE82694A33C000F90C8 /* BillboardViewController.swift */ = {isa = PBXFileReference; lastKnownFileType = sourcecode.swift; path = BillboardViewController.swift; sourceTree = "<group>"; };
		EAF93BE92694A33C000F90C8 /* BillboardInteractor.swift */ = {isa = PBXFileReference; lastKnownFileType = sourcecode.swift; path = BillboardInteractor.swift; sourceTree = "<group>"; };
		EAF93C0C2694FCEB000F90C8 /* TabBarController.swift */ = {isa = PBXFileReference; lastKnownFileType = sourcecode.swift; path = TabBarController.swift; sourceTree = "<group>"; };
		F8EB7BB6F97A552A5C873ADA /* Pods_ExerciseTests.framework */ = {isa = PBXFileReference; explicitFileType = wrapper.framework; includeInIndex = 0; path = Pods_ExerciseTests.framework; sourceTree = BUILT_PRODUCTS_DIR; };
		FA9E6816EAC72BC9F07D7E5D /* Pods-ExerciseTests.debug.xcconfig */ = {isa = PBXFileReference; includeInIndex = 1; lastKnownFileType = text.xcconfig; name = "Pods-ExerciseTests.debug.xcconfig"; path = "Target Support Files/Pods-ExerciseTests/Pods-ExerciseTests.debug.xcconfig"; sourceTree = "<group>"; };
/* End PBXFileReference section */

/* Begin PBXFrameworksBuildPhase section */
		EA97CABE2693F4A100547D4C /* Frameworks */ = {
			isa = PBXFrameworksBuildPhase;
			buildActionMask = 2147483647;
			files = (
				BD7540AA2BC44602AA7EF6B2 /* Pods_Exercise.framework in Frameworks */,
			);
			runOnlyForDeploymentPostprocessing = 0;
		};
		EA97CAD42693F4A200547D4C /* Frameworks */ = {
			isa = PBXFrameworksBuildPhase;
			buildActionMask = 2147483647;
			files = (
				B3E150C95B02D41DFA7A4BE3 /* Pods_ExerciseTests.framework in Frameworks */,
			);
			runOnlyForDeploymentPostprocessing = 0;
		};
		EA97CADF2693F4A300547D4C /* Frameworks */ = {
			isa = PBXFrameworksBuildPhase;
			buildActionMask = 2147483647;
			files = (
				2B94E3992629535D0D270E64 /* Pods_Exercise_ExerciseUITests.framework in Frameworks */,
			);
			runOnlyForDeploymentPostprocessing = 0;
		};
/* End PBXFrameworksBuildPhase section */

/* Begin PBXGroup section */
		640B3CEE3C32466010E1C538 /* Pods */ = {
			isa = PBXGroup;
			children = (
				B2EF99C246F615FD4A7585CC /* Pods-Exercise.debug.xcconfig */,
				9999D93F5D8589EF64062FA4 /* Pods-Exercise.release.xcconfig */,
				D3C824FF36D57FD6E571BAFD /* Pods-Exercise-ExerciseUITests.debug.xcconfig */,
				1219F337DCDBAACAD3C8D1A5 /* Pods-Exercise-ExerciseUITests.release.xcconfig */,
				FA9E6816EAC72BC9F07D7E5D /* Pods-ExerciseTests.debug.xcconfig */,
				8E6958FCCF1ACE1CA964BC02 /* Pods-ExerciseTests.release.xcconfig */,
			);
			path = Pods;
			sourceTree = "<group>";
		};
		A677457C3B8C62710C2B976F /* Frameworks */ = {
			isa = PBXGroup;
			children = (
				4C916FA549B1389CB95A40A2 /* Pods_Exercise.framework */,
				E7991C81218792AF6CBAF94B /* Pods_Exercise_ExerciseUITests.framework */,
				F8EB7BB6F97A552A5C873ADA /* Pods_ExerciseTests.framework */,
			);
			name = Frameworks;
			sourceTree = "<group>";
		};
		EA4BB15A2695A3A8008EFDE5 /* Persistence */ = {
			isa = PBXGroup;
			children = (
				EA4BB15B2695A3C9008EFDE5 /* RealmApi.swift */,
				EA4BB1632695A3EE008EFDE5 /* RealmConfig.swift */,
			);
			path = Persistence;
			sourceTree = "<group>";
		};
		EA4BB17A2696EBA4008EFDE5 /* Components */ = {
			isa = PBXGroup;
			children = (
				EA4BB17B2696EBBB008EFDE5 /* MoviePhotoCell.swift */,
			);
			path = Components;
			sourceTree = "<group>";
		};
		EA4BB19D26973D95008EFDE5 /* MovieDetailScene */ = {
			isa = PBXGroup;
			children = (
				EA4BB19E26973DD2008EFDE5 /* MovieDetailPresenter.swift */,
				EA4BB19F26973DD2008EFDE5 /* MovieDetailWorker.swift */,
				EA4BB1A026973DD2008EFDE5 /* MovieDetailRouter.swift */,
				EA4BB1A126973DD2008EFDE5 /* MovieDetailModels.swift */,
				EA4BB1A226973DD2008EFDE5 /* MovieDetailViewController.swift */,
				EA4BB1A326973DD2008EFDE5 /* MovieDetailInteractor.swift */,
			);
			path = MovieDetailScene;
			sourceTree = "<group>";
		};
		EA97CAB82693F4A100547D4C = {
			isa = PBXGroup;
			children = (
				EA97CAC32693F4A100547D4C /* Exercise */,
				EA97CADA2693F4A200547D4C /* ExerciseTests */,
				EA97CAE52693F4A300547D4C /* ExerciseUITests */,
				EA97CAC22693F4A100547D4C /* Products */,
				640B3CEE3C32466010E1C538 /* Pods */,
				A677457C3B8C62710C2B976F /* Frameworks */,
			);
			sourceTree = "<group>";
		};
		EA97CAC22693F4A100547D4C /* Products */ = {
			isa = PBXGroup;
			children = (
				EA97CAC12693F4A100547D4C /* Exercise.app */,
				EA97CAD72693F4A200547D4C /* ExerciseTests.xctest */,
				EA97CAE22693F4A300547D4C /* ExerciseUITests.xctest */,
			);
			name = Products;
			sourceTree = "<group>";
		};
		EA97CAC32693F4A100547D4C /* Exercise */ = {
			isa = PBXGroup;
			children = (
				EA4BB15A2695A3A8008EFDE5 /* Persistence */,
				EA97CAC42693F4A100547D4C /* AppDelegate.swift */,
				EA97CAC62693F4A100547D4C /* SceneDelegate.swift */,
				EA97CACD2693F4A200547D4C /* Assets.xcassets */,
				EAF93B9426945314000F90C8 /* Common */,
				EAF93BB326946ABB000F90C8 /* Extensions */,
				EA97CAD22693F4A200547D4C /* Info.plist */,
				EA97CACF2693F4A200547D4C /* LaunchScreen.storyboard */,
				EAF93BA326946A0A000F90C8 /* Localizations */,
				EA97CACA2693F4A100547D4C /* Main.storyboard */,
				EA97CB5D2694064B00547D4C /* Managers */,
				EA97CB9826943B1A00547D4C /* Modules */,
				EA97CB3B2694010D00547D4C /* Services */,
			);
			path = Exercise;
			sourceTree = "<group>";
		};
		EA97CADA2693F4A200547D4C /* ExerciseTests */ = {
			isa = PBXGroup;
			children = (
				EA97CADB2693F4A200547D4C /* ExerciseTests.swift */,
				EA97CADD2693F4A200547D4C /* Info.plist */,
			);
			path = ExerciseTests;
			sourceTree = "<group>";
		};
		EA97CAE52693F4A300547D4C /* ExerciseUITests */ = {
			isa = PBXGroup;
			children = (
				EA97CAE62693F4A300547D4C /* ExerciseUITests.swift */,
				EA97CAE82693F4A300547D4C /* Info.plist */,
			);
			path = ExerciseUITests;
			sourceTree = "<group>";
		};
		EA97CB3B2694010D00547D4C /* Services */ = {
			isa = PBXGroup;
			children = (
				EA97CB3C2694016200547D4C /* Domains.swift */,
				EA97CB442694017E00547D4C /* Endpoints.swift */,
				EA97CB5E2694067500547D4C /* WebServicesAPI.swift */,
			);
			path = Services;
			sourceTree = "<group>";
		};
		EA97CB5D2694064B00547D4C /* Managers */ = {
			isa = PBXGroup;
			children = (
				EA97CB492694021C00547D4C /* AlamofireManager.swift */,
				EA97CB882694312500547D4C /* UserDefaultsHelper.swift */,
			);
			path = Managers;
			sourceTree = "<group>";
		};
		EA97CB9826943B1A00547D4C /* Modules */ = {
			isa = PBXGroup;
			children = (
				EAF93C0A2694FCC3000F90C8 /* TabBarController */,
				EAF93BE22694A30A000F90C8 /* Billboard */,
				EAF93BD12694A209000F90C8 /* UserProfile */,
				EA97CB9926943B2B00547D4C /* Login */,
			);
			path = Modules;
			sourceTree = "<group>";
		};
		EA97CB9926943B2B00547D4C /* Login */ = {
			isa = PBXGroup;
			children = (
				EA97CBA926943E5C00547D4C /* LoginScene */,
			);
			path = Login;
			sourceTree = "<group>";
		};
		EA97CBA926943E5C00547D4C /* LoginScene */ = {
			isa = PBXGroup;
			children = (
				EA97CB9A26943B6E00547D4C /* LoginPresenter.swift */,
				EA97CB9B26943B6E00547D4C /* LoginWorker.swift */,
				EA97CB9C26943B6E00547D4C /* LoginRouter.swift */,
				EA97CB9D26943B6E00547D4C /* LoginModels.swift */,
				EA97CB9E26943B6E00547D4C /* LoginViewController.swift */,
				EA97CB9F26943B6E00547D4C /* LoginInteractor.swift */,
			);
			path = LoginScene;
			sourceTree = "<group>";
		};
		EAB150B02698E411000108CC /* RoundButton */ = {
			isa = PBXGroup;
			children = (
				EAB150A82698E2AF000108CC /* RoundButton.swift */,
			);
			path = RoundButton;
			sourceTree = "<group>";
		};
		EAF93B9426945314000F90C8 /* Common */ = {
			isa = PBXGroup;
			children = (
				EAB150B02698E411000108CC /* RoundButton */,
				EAF93BC02694730E000F90C8 /* Alert */,
				EAF93BBF269472ED000F90C8 /* Loader */,
				EAF93B9626945336000F90C8 /* Globals.swift */,
			);
			path = Common;
			sourceTree = "<group>";
		};
		EAF93BA326946A0A000F90C8 /* Localizations */ = {
			isa = PBXGroup;
			children = (
				EAF93BAE26946A72000F90C8 /* Localizable.strings */,
			);
			path = Localizations;
			sourceTree = "<group>";
		};
		EAF93BB326946ABB000F90C8 /* Extensions */ = {
			isa = PBXGroup;
			children = (
				EAF93BB426946AE1000F90C8 /* String.swift */,
			);
			path = Extensions;
			sourceTree = "<group>";
		};
		EAF93BBF269472ED000F90C8 /* Loader */ = {
			isa = PBXGroup;
			children = (
				EAF93BCC2694816F000F90C8 /* LoaderViewController.swift */,
			);
			path = Loader;
			sourceTree = "<group>";
		};
		EAF93BC02694730E000F90C8 /* Alert */ = {
			isa = PBXGroup;
			children = (
				EAF93BC12694732D000F90C8 /* AlertViewController.swift */,
			);
			path = Alert;
			sourceTree = "<group>";
		};
		EAF93BD12694A209000F90C8 /* UserProfile */ = {
			isa = PBXGroup;
			children = (
				EAF93BD22694A215000F90C8 /* UserProfileScene */,
			);
			path = UserProfile;
			sourceTree = "<group>";
		};
		EAF93BD22694A215000F90C8 /* UserProfileScene */ = {
			isa = PBXGroup;
			children = (
				EAF93BD32694A26B000F90C8 /* UserProfilePresenter.swift */,
				EAF93BD42694A26B000F90C8 /* UserProfileWorker.swift */,
				EAF93BD52694A26B000F90C8 /* UserProfileRouter.swift */,
				EAF93BD62694A26B000F90C8 /* UserProfileModels.swift */,
				EAF93BD72694A26B000F90C8 /* UserProfileViewController.swift */,
				EAF93BD82694A26B000F90C8 /* UserProfileInteractor.swift */,
			);
			path = UserProfileScene;
			sourceTree = "<group>";
		};
		EAF93BE22694A30A000F90C8 /* Billboard */ = {
			isa = PBXGroup;
			children = (
				EAF93BE32694A315000F90C8 /* BillboardScene */,
			);
			path = Billboard;
			sourceTree = "<group>";
		};
		EAF93BE32694A315000F90C8 /* BillboardScene */ = {
			isa = PBXGroup;
			children = (
				EA4BB19D26973D95008EFDE5 /* MovieDetailScene */,
				EA4BB17A2696EBA4008EFDE5 /* Components */,
				EAF93BE42694A33C000F90C8 /* BillboardPresenter.swift */,
				EAF93BE52694A33C000F90C8 /* BillboardWorker.swift */,
				EAF93BE62694A33C000F90C8 /* BillboardRouter.swift */,
				EAF93BE72694A33C000F90C8 /* BillboardModels.swift */,
				EAF93BE82694A33C000F90C8 /* BillboardViewController.swift */,
				EAF93BE92694A33C000F90C8 /* BillboardInteractor.swift */,
			);
			path = BillboardScene;
			sourceTree = "<group>";
		};
		EAF93C0A2694FCC3000F90C8 /* TabBarController */ = {
			isa = PBXGroup;
			children = (
				EAF93C0C2694FCEB000F90C8 /* TabBarController.swift */,
			);
			path = TabBarController;
			sourceTree = "<group>";
		};
/* End PBXGroup section */

/* Begin PBXNativeTarget section */
		EA97CAC02693F4A100547D4C /* Exercise */ = {
			isa = PBXNativeTarget;
			buildConfigurationList = EA97CAEB2693F4A300547D4C /* Build configuration list for PBXNativeTarget "Exercise" */;
			buildPhases = (
				A863D10C18C96215453A4326 /* [CP] Check Pods Manifest.lock */,
				EA97CABD2693F4A100547D4C /* Sources */,
				EA97CABE2693F4A100547D4C /* Frameworks */,
				EA97CABF2693F4A100547D4C /* Resources */,
				6C1DBDB5174D47A3E04AA905 /* [CP] Embed Pods Frameworks */,
			);
			buildRules = (
			);
			dependencies = (
			);
			name = Exercise;
			productName = Exercise;
			productReference = EA97CAC12693F4A100547D4C /* Exercise.app */;
			productType = "com.apple.product-type.application";
		};
		EA97CAD62693F4A200547D4C /* ExerciseTests */ = {
			isa = PBXNativeTarget;
			buildConfigurationList = EA97CAEE2693F4A300547D4C /* Build configuration list for PBXNativeTarget "ExerciseTests" */;
			buildPhases = (
				2E9C7F222CCBD7507B70CD63 /* [CP] Check Pods Manifest.lock */,
				EA97CAD32693F4A200547D4C /* Sources */,
				EA97CAD42693F4A200547D4C /* Frameworks */,
				EA97CAD52693F4A200547D4C /* Resources */,
			);
			buildRules = (
			);
			dependencies = (
				EA97CAD92693F4A200547D4C /* PBXTargetDependency */,
			);
			name = ExerciseTests;
			productName = ExerciseTests;
			productReference = EA97CAD72693F4A200547D4C /* ExerciseTests.xctest */;
			productType = "com.apple.product-type.bundle.unit-test";
		};
		EA97CAE12693F4A300547D4C /* ExerciseUITests */ = {
			isa = PBXNativeTarget;
			buildConfigurationList = EA97CAF12693F4A300547D4C /* Build configuration list for PBXNativeTarget "ExerciseUITests" */;
			buildPhases = (
				573872154866EB97AAEB1B47 /* [CP] Check Pods Manifest.lock */,
				EA97CADE2693F4A300547D4C /* Sources */,
				EA97CADF2693F4A300547D4C /* Frameworks */,
				EA97CAE02693F4A300547D4C /* Resources */,
				48067FB8324CFFEB15E83451 /* [CP] Embed Pods Frameworks */,
			);
			buildRules = (
			);
			dependencies = (
				EA97CAE42693F4A300547D4C /* PBXTargetDependency */,
			);
			name = ExerciseUITests;
			productName = ExerciseUITests;
			productReference = EA97CAE22693F4A300547D4C /* ExerciseUITests.xctest */;
			productType = "com.apple.product-type.bundle.ui-testing";
		};
/* End PBXNativeTarget section */

/* Begin PBXProject section */
		EA97CAB92693F4A100547D4C /* Project object */ = {
			isa = PBXProject;
			attributes = {
				LastSwiftUpdateCheck = 1240;
				LastUpgradeCheck = 1240;
				TargetAttributes = {
					EA97CAC02693F4A100547D4C = {
						CreatedOnToolsVersion = 12.4;
					};
					EA97CAD62693F4A200547D4C = {
						CreatedOnToolsVersion = 12.4;
						TestTargetID = EA97CAC02693F4A100547D4C;
					};
					EA97CAE12693F4A300547D4C = {
						CreatedOnToolsVersion = 12.4;
						TestTargetID = EA97CAC02693F4A100547D4C;
					};
				};
			};
			buildConfigurationList = EA97CABC2693F4A100547D4C /* Build configuration list for PBXProject "Exercise" */;
			compatibilityVersion = "Xcode 9.3";
			developmentRegion = en;
			hasScannedForEncodings = 0;
			knownRegions = (
				en,
				Base,
				"es-419",
			);
			mainGroup = EA97CAB82693F4A100547D4C;
			productRefGroup = EA97CAC22693F4A100547D4C /* Products */;
			projectDirPath = "";
			projectRoot = "";
			targets = (
				EA97CAC02693F4A100547D4C /* Exercise */,
				EA97CAD62693F4A200547D4C /* ExerciseTests */,
				EA97CAE12693F4A300547D4C /* ExerciseUITests */,
			);
		};
/* End PBXProject section */

/* Begin PBXResourcesBuildPhase section */
		EA97CABF2693F4A100547D4C /* Resources */ = {
			isa = PBXResourcesBuildPhase;
			buildActionMask = 2147483647;
			files = (
				EA97CAD12693F4A200547D4C /* LaunchScreen.storyboard in Resources */,
				EAF93BAC26946A72000F90C8 /* Localizable.strings in Resources */,
				EA97CACE2693F4A200547D4C /* Assets.xcassets in Resources */,
				EA97CACC2693F4A100547D4C /* Main.storyboard in Resources */,
			);
			runOnlyForDeploymentPostprocessing = 0;
		};
		EA97CAD52693F4A200547D4C /* Resources */ = {
			isa = PBXResourcesBuildPhase;
			buildActionMask = 2147483647;
			files = (
			);
			runOnlyForDeploymentPostprocessing = 0;
		};
		EA97CAE02693F4A300547D4C /* Resources */ = {
			isa = PBXResourcesBuildPhase;
			buildActionMask = 2147483647;
			files = (
			);
			runOnlyForDeploymentPostprocessing = 0;
		};
/* End PBXResourcesBuildPhase section */

/* Begin PBXShellScriptBuildPhase section */
		2E9C7F222CCBD7507B70CD63 /* [CP] Check Pods Manifest.lock */ = {
			isa = PBXShellScriptBuildPhase;
			buildActionMask = 2147483647;
			files = (
			);
			inputFileListPaths = (
			);
			inputPaths = (
				"${PODS_PODFILE_DIR_PATH}/Podfile.lock",
				"${PODS_ROOT}/Manifest.lock",
			);
			name = "[CP] Check Pods Manifest.lock";
			outputFileListPaths = (
			);
			outputPaths = (
				"$(DERIVED_FILE_DIR)/Pods-ExerciseTests-checkManifestLockResult.txt",
			);
			runOnlyForDeploymentPostprocessing = 0;
			shellPath = /bin/sh;
			shellScript = "diff \"${PODS_PODFILE_DIR_PATH}/Podfile.lock\" \"${PODS_ROOT}/Manifest.lock\" > /dev/null\nif [ $? != 0 ] ; then\n    # print error to STDERR\n    echo \"error: The sandbox is not in sync with the Podfile.lock. Run 'pod install' or update your CocoaPods installation.\" >&2\n    exit 1\nfi\n# This output is used by Xcode 'outputs' to avoid re-running this script phase.\necho \"SUCCESS\" > \"${SCRIPT_OUTPUT_FILE_0}\"\n";
			showEnvVarsInLog = 0;
		};
		48067FB8324CFFEB15E83451 /* [CP] Embed Pods Frameworks */ = {
			isa = PBXShellScriptBuildPhase;
			buildActionMask = 2147483647;
			files = (
			);
			inputFileListPaths = (
				"${PODS_ROOT}/Target Support Files/Pods-Exercise-ExerciseUITests/Pods-Exercise-ExerciseUITests-frameworks-${CONFIGURATION}-input-files.xcfilelist",
			);
			name = "[CP] Embed Pods Frameworks";
			outputFileListPaths = (
				"${PODS_ROOT}/Target Support Files/Pods-Exercise-ExerciseUITests/Pods-Exercise-ExerciseUITests-frameworks-${CONFIGURATION}-output-files.xcfilelist",
			);
			runOnlyForDeploymentPostprocessing = 0;
			shellPath = /bin/sh;
			shellScript = "\"${PODS_ROOT}/Target Support Files/Pods-Exercise-ExerciseUITests/Pods-Exercise-ExerciseUITests-frameworks.sh\"\n";
			showEnvVarsInLog = 0;
		};
		573872154866EB97AAEB1B47 /* [CP] Check Pods Manifest.lock */ = {
			isa = PBXShellScriptBuildPhase;
			buildActionMask = 2147483647;
			files = (
			);
			inputFileListPaths = (
			);
			inputPaths = (
				"${PODS_PODFILE_DIR_PATH}/Podfile.lock",
				"${PODS_ROOT}/Manifest.lock",
			);
			name = "[CP] Check Pods Manifest.lock";
			outputFileListPaths = (
			);
			outputPaths = (
				"$(DERIVED_FILE_DIR)/Pods-Exercise-ExerciseUITests-checkManifestLockResult.txt",
			);
			runOnlyForDeploymentPostprocessing = 0;
			shellPath = /bin/sh;
			shellScript = "diff \"${PODS_PODFILE_DIR_PATH}/Podfile.lock\" \"${PODS_ROOT}/Manifest.lock\" > /dev/null\nif [ $? != 0 ] ; then\n    # print error to STDERR\n    echo \"error: The sandbox is not in sync with the Podfile.lock. Run 'pod install' or update your CocoaPods installation.\" >&2\n    exit 1\nfi\n# This output is used by Xcode 'outputs' to avoid re-running this script phase.\necho \"SUCCESS\" > \"${SCRIPT_OUTPUT_FILE_0}\"\n";
			showEnvVarsInLog = 0;
		};
		6C1DBDB5174D47A3E04AA905 /* [CP] Embed Pods Frameworks */ = {
			isa = PBXShellScriptBuildPhase;
			buildActionMask = 2147483647;
			files = (
			);
			inputFileListPaths = (
				"${PODS_ROOT}/Target Support Files/Pods-Exercise/Pods-Exercise-frameworks-${CONFIGURATION}-input-files.xcfilelist",
			);
			name = "[CP] Embed Pods Frameworks";
			outputFileListPaths = (
				"${PODS_ROOT}/Target Support Files/Pods-Exercise/Pods-Exercise-frameworks-${CONFIGURATION}-output-files.xcfilelist",
			);
			runOnlyForDeploymentPostprocessing = 0;
			shellPath = /bin/sh;
			shellScript = "\"${PODS_ROOT}/Target Support Files/Pods-Exercise/Pods-Exercise-frameworks.sh\"\n";
			showEnvVarsInLog = 0;
		};
		A863D10C18C96215453A4326 /* [CP] Check Pods Manifest.lock */ = {
			isa = PBXShellScriptBuildPhase;
			buildActionMask = 2147483647;
			files = (
			);
			inputFileListPaths = (
			);
			inputPaths = (
				"${PODS_PODFILE_DIR_PATH}/Podfile.lock",
				"${PODS_ROOT}/Manifest.lock",
			);
			name = "[CP] Check Pods Manifest.lock";
			outputFileListPaths = (
			);
			outputPaths = (
				"$(DERIVED_FILE_DIR)/Pods-Exercise-checkManifestLockResult.txt",
			);
			runOnlyForDeploymentPostprocessing = 0;
			shellPath = /bin/sh;
			shellScript = "diff \"${PODS_PODFILE_DIR_PATH}/Podfile.lock\" \"${PODS_ROOT}/Manifest.lock\" > /dev/null\nif [ $? != 0 ] ; then\n    # print error to STDERR\n    echo \"error: The sandbox is not in sync with the Podfile.lock. Run 'pod install' or update your CocoaPods installation.\" >&2\n    exit 1\nfi\n# This output is used by Xcode 'outputs' to avoid re-running this script phase.\necho \"SUCCESS\" > \"${SCRIPT_OUTPUT_FILE_0}\"\n";
			showEnvVarsInLog = 0;
		};
/* End PBXShellScriptBuildPhase section */

/* Begin PBXSourcesBuildPhase section */
		EA97CABD2693F4A100547D4C /* Sources */ = {
			isa = PBXSourcesBuildPhase;
			buildActionMask = 2147483647;
			files = (
				EA97CBA426943B6E00547D4C /* LoginViewController.swift in Sources */,
				EA97CBA126943B6E00547D4C /* LoginWorker.swift in Sources */,
				EA97CB892694312500547D4C /* UserDefaultsHelper.swift in Sources */,
				EAF93C0D2694FCEB000F90C8 /* TabBarController.swift in Sources */,
				EAF93BEF2694A33C000F90C8 /* BillboardInteractor.swift in Sources */,
				EA97CBA226943B6E00547D4C /* LoginRouter.swift in Sources */,
				EA97CAC52693F4A100547D4C /* AppDelegate.swift in Sources */,
				EA97CAC72693F4A100547D4C /* SceneDelegate.swift in Sources */,
				EA4BB1A926973DD2008EFDE5 /* MovieDetailInteractor.swift in Sources */,
				EA97CBA026943B6E00547D4C /* LoginPresenter.swift in Sources */,
				EAF93B9726945336000F90C8 /* Globals.swift in Sources */,
				EA97CBA526943B6E00547D4C /* LoginInteractor.swift in Sources */,
				EAF93BDD2694A26B000F90C8 /* UserProfileViewController.swift in Sources */,
				EAF93BCD2694816F000F90C8 /* LoaderViewController.swift in Sources */,
				EA97CB3D2694016200547D4C /* Domains.swift in Sources */,
				EA97CB4A2694021C00547D4C /* AlamofireManager.swift in Sources */,
				EA97CBA326943B6E00547D4C /* LoginModels.swift in Sources */,
				EA4BB1A526973DD2008EFDE5 /* MovieDetailWorker.swift in Sources */,
				EAF93BEA2694A33C000F90C8 /* BillboardPresenter.swift in Sources */,
				EA4BB1A626973DD2008EFDE5 /* MovieDetailRouter.swift in Sources */,
				EA4BB15C2695A3C9008EFDE5 /* RealmApi.swift in Sources */,
				EAF93BD92694A26B000F90C8 /* UserProfilePresenter.swift in Sources */,
				EA4BB1642695A3EE008EFDE5 /* RealmConfig.swift in Sources */,
				EA4BB17C2696EBBB008EFDE5 /* MoviePhotoCell.swift in Sources */,
				EAF93BDE2694A26B000F90C8 /* UserProfileInteractor.swift in Sources */,
				EAF93BDA2694A26B000F90C8 /* UserProfileWorker.swift in Sources */,
				EAF93BB526946AE1000F90C8 /* String.swift in Sources */,
				EAF93BEB2694A33C000F90C8 /* BillboardWorker.swift in Sources */,
				EAF93BC22694732D000F90C8 /* AlertViewController.swift in Sources */,
				EA97CB5F2694067500547D4C /* WebServicesAPI.swift in Sources */,
				EAF93BED2694A33C000F90C8 /* BillboardModels.swift in Sources */,
				EA4BB1A426973DD2008EFDE5 /* MovieDetailPresenter.swift in Sources */,
				EAF93BEC2694A33C000F90C8 /* BillboardRouter.swift in Sources */,
				EA4BB1A826973DD2008EFDE5 /* MovieDetailViewController.swift in Sources */,
				EA97CB452694017E00547D4C /* Endpoints.swift in Sources */,
				EAB150A92698E2AF000108CC /* RoundButton.swift in Sources */,
				EAF93BDC2694A26B000F90C8 /* UserProfileModels.swift in Sources */,
				EAF93BEE2694A33C000F90C8 /* BillboardViewController.swift in Sources */,
				EA4BB1A726973DD2008EFDE5 /* MovieDetailModels.swift in Sources */,
				EAF93BDB2694A26B000F90C8 /* UserProfileRouter.swift in Sources */,
			);
			runOnlyForDeploymentPostprocessing = 0;
		};
		EA97CAD32693F4A200547D4C /* Sources */ = {
			isa = PBXSourcesBuildPhase;
			buildActionMask = 2147483647;
			files = (
				EA97CADC2693F4A200547D4C /* ExerciseTests.swift in Sources */,
			);
			runOnlyForDeploymentPostprocessing = 0;
		};
		EA97CADE2693F4A300547D4C /* Sources */ = {
			isa = PBXSourcesBuildPhase;
			buildActionMask = 2147483647;
			files = (
				EA97CAE72693F4A300547D4C /* ExerciseUITests.swift in Sources */,
			);
			runOnlyForDeploymentPostprocessing = 0;
		};
/* End PBXSourcesBuildPhase section */

/* Begin PBXTargetDependency section */
		EA97CAD92693F4A200547D4C /* PBXTargetDependency */ = {
			isa = PBXTargetDependency;
			target = EA97CAC02693F4A100547D4C /* Exercise */;
			targetProxy = EA97CAD82693F4A200547D4C /* PBXContainerItemProxy */;
		};
		EA97CAE42693F4A300547D4C /* PBXTargetDependency */ = {
			isa = PBXTargetDependency;
			target = EA97CAC02693F4A100547D4C /* Exercise */;
			targetProxy = EA97CAE32693F4A300547D4C /* PBXContainerItemProxy */;
		};
/* End PBXTargetDependency section */

/* Begin PBXVariantGroup section */
		EA97CACA2693F4A100547D4C /* Main.storyboard */ = {
			isa = PBXVariantGroup;
			children = (
				EA97CACB2693F4A100547D4C /* Base */,
				EAF93B9F269469AB000F90C8 /* es-419 */,
			);
			name = Main.storyboard;
			sourceTree = "<group>";
		};
		EA97CACF2693F4A200547D4C /* LaunchScreen.storyboard */ = {
			isa = PBXVariantGroup;
			children = (
				EA97CAD02693F4A200547D4C /* Base */,
				EAF93B9E269469AB000F90C8 /* es-419 */,
			);
			name = LaunchScreen.storyboard;
			sourceTree = "<group>";
		};
		EAF93BAE26946A72000F90C8 /* Localizable.strings */ = {
			isa = PBXVariantGroup;
			children = (
				EAF93BAD26946A72000F90C8 /* en */,
				EAF93BB226946A77000F90C8 /* es-419 */,
			);
			name = Localizable.strings;
			sourceTree = "<group>";
		};
/* End PBXVariantGroup section */

/* Begin XCBuildConfiguration section */
		EA97CAE92693F4A300547D4C /* Debug */ = {
			isa = XCBuildConfiguration;
			buildSettings = {
				ALWAYS_SEARCH_USER_PATHS = NO;
				CLANG_ANALYZER_LOCALIZABILITY_NONLOCALIZED = YES;
				CLANG_ANALYZER_NONNULL = YES;
				CLANG_ANALYZER_NUMBER_OBJECT_CONVERSION = YES_AGGRESSIVE;
				CLANG_CXX_LANGUAGE_STANDARD = "gnu++14";
				CLANG_CXX_LIBRARY = "libc++";
				CLANG_ENABLE_MODULES = YES;
				CLANG_ENABLE_OBJC_ARC = YES;
				CLANG_ENABLE_OBJC_WEAK = YES;
				CLANG_WARN_BLOCK_CAPTURE_AUTORELEASING = YES;
				CLANG_WARN_BOOL_CONVERSION = YES;
				CLANG_WARN_COMMA = YES;
				CLANG_WARN_CONSTANT_CONVERSION = YES;
				CLANG_WARN_DEPRECATED_OBJC_IMPLEMENTATIONS = YES;
				CLANG_WARN_DIRECT_OBJC_ISA_USAGE = YES_ERROR;
				CLANG_WARN_DOCUMENTATION_COMMENTS = YES;
				CLANG_WARN_EMPTY_BODY = YES;
				CLANG_WARN_ENUM_CONVERSION = YES;
				CLANG_WARN_INFINITE_RECURSION = YES;
				CLANG_WARN_INT_CONVERSION = YES;
				CLANG_WARN_NON_LITERAL_NULL_CONVERSION = YES;
				CLANG_WARN_OBJC_IMPLICIT_RETAIN_SELF = YES;
				CLANG_WARN_OBJC_LITERAL_CONVERSION = YES;
				CLANG_WARN_OBJC_ROOT_CLASS = YES_ERROR;
				CLANG_WARN_QUOTED_INCLUDE_IN_FRAMEWORK_HEADER = YES;
				CLANG_WARN_RANGE_LOOP_ANALYSIS = YES;
				CLANG_WARN_STRICT_PROTOTYPES = YES;
				CLANG_WARN_SUSPICIOUS_MOVE = YES;
				CLANG_WARN_UNGUARDED_AVAILABILITY = YES_AGGRESSIVE;
				CLANG_WARN_UNREACHABLE_CODE = YES;
				CLANG_WARN__DUPLICATE_METHOD_MATCH = YES;
				COPY_PHASE_STRIP = NO;
				DEBUG_INFORMATION_FORMAT = dwarf;
				ENABLE_STRICT_OBJC_MSGSEND = YES;
				ENABLE_TESTABILITY = YES;
				GCC_C_LANGUAGE_STANDARD = gnu11;
				GCC_DYNAMIC_NO_PIC = NO;
				GCC_NO_COMMON_BLOCKS = YES;
				GCC_OPTIMIZATION_LEVEL = 0;
				GCC_PREPROCESSOR_DEFINITIONS = (
					"DEBUG=1",
					"$(inherited)",
				);
				GCC_WARN_64_TO_32_BIT_CONVERSION = YES;
				GCC_WARN_ABOUT_RETURN_TYPE = YES_ERROR;
				GCC_WARN_UNDECLARED_SELECTOR = YES;
				GCC_WARN_UNINITIALIZED_AUTOS = YES_AGGRESSIVE;
				GCC_WARN_UNUSED_FUNCTION = YES;
				GCC_WARN_UNUSED_VARIABLE = YES;
				IPHONEOS_DEPLOYMENT_TARGET = 14.4;
				MTL_ENABLE_DEBUG_INFO = INCLUDE_SOURCE;
				MTL_FAST_MATH = YES;
				ONLY_ACTIVE_ARCH = YES;
				SDKROOT = iphoneos;
				SWIFT_ACTIVE_COMPILATION_CONDITIONS = DEBUG;
				SWIFT_OPTIMIZATION_LEVEL = "-Onone";
			};
			name = Debug;
		};
		EA97CAEA2693F4A300547D4C /* Release */ = {
			isa = XCBuildConfiguration;
			buildSettings = {
				ALWAYS_SEARCH_USER_PATHS = NO;
				CLANG_ANALYZER_LOCALIZABILITY_NONLOCALIZED = YES;
				CLANG_ANALYZER_NONNULL = YES;
				CLANG_ANALYZER_NUMBER_OBJECT_CONVERSION = YES_AGGRESSIVE;
				CLANG_CXX_LANGUAGE_STANDARD = "gnu++14";
				CLANG_CXX_LIBRARY = "libc++";
				CLANG_ENABLE_MODULES = YES;
				CLANG_ENABLE_OBJC_ARC = YES;
				CLANG_ENABLE_OBJC_WEAK = YES;
				CLANG_WARN_BLOCK_CAPTURE_AUTORELEASING = YES;
				CLANG_WARN_BOOL_CONVERSION = YES;
				CLANG_WARN_COMMA = YES;
				CLANG_WARN_CONSTANT_CONVERSION = YES;
				CLANG_WARN_DEPRECATED_OBJC_IMPLEMENTATIONS = YES;
				CLANG_WARN_DIRECT_OBJC_ISA_USAGE = YES_ERROR;
				CLANG_WARN_DOCUMENTATION_COMMENTS = YES;
				CLANG_WARN_EMPTY_BODY = YES;
				CLANG_WARN_ENUM_CONVERSION = YES;
				CLANG_WARN_INFINITE_RECURSION = YES;
				CLANG_WARN_INT_CONVERSION = YES;
				CLANG_WARN_NON_LITERAL_NULL_CONVERSION = YES;
				CLANG_WARN_OBJC_IMPLICIT_RETAIN_SELF = YES;
				CLANG_WARN_OBJC_LITERAL_CONVERSION = YES;
				CLANG_WARN_OBJC_ROOT_CLASS = YES_ERROR;
				CLANG_WARN_QUOTED_INCLUDE_IN_FRAMEWORK_HEADER = YES;
				CLANG_WARN_RANGE_LOOP_ANALYSIS = YES;
				CLANG_WARN_STRICT_PROTOTYPES = YES;
				CLANG_WARN_SUSPICIOUS_MOVE = YES;
				CLANG_WARN_UNGUARDED_AVAILABILITY = YES_AGGRESSIVE;
				CLANG_WARN_UNREACHABLE_CODE = YES;
				CLANG_WARN__DUPLICATE_METHOD_MATCH = YES;
				COPY_PHASE_STRIP = NO;
				DEBUG_INFORMATION_FORMAT = "dwarf-with-dsym";
				ENABLE_NS_ASSERTIONS = NO;
				ENABLE_STRICT_OBJC_MSGSEND = YES;
				GCC_C_LANGUAGE_STANDARD = gnu11;
				GCC_NO_COMMON_BLOCKS = YES;
				GCC_WARN_64_TO_32_BIT_CONVERSION = YES;
				GCC_WARN_ABOUT_RETURN_TYPE = YES_ERROR;
				GCC_WARN_UNDECLARED_SELECTOR = YES;
				GCC_WARN_UNINITIALIZED_AUTOS = YES_AGGRESSIVE;
				GCC_WARN_UNUSED_FUNCTION = YES;
				GCC_WARN_UNUSED_VARIABLE = YES;
				IPHONEOS_DEPLOYMENT_TARGET = 14.4;
				MTL_ENABLE_DEBUG_INFO = NO;
				MTL_FAST_MATH = YES;
				SDKROOT = iphoneos;
				SWIFT_COMPILATION_MODE = wholemodule;
				SWIFT_OPTIMIZATION_LEVEL = "-O";
				VALIDATE_PRODUCT = YES;
			};
			name = Release;
		};
		EA97CAEC2693F4A300547D4C /* Debug */ = {
			isa = XCBuildConfiguration;
			baseConfigurationReference = B2EF99C246F615FD4A7585CC /* Pods-Exercise.debug.xcconfig */;
			buildSettings = {
				ALWAYS_EMBED_SWIFT_STANDARD_LIBRARIES = YES;
				ASSETCATALOG_COMPILER_APPICON_NAME = AppIcon;
				ASSETCATALOG_COMPILER_GLOBAL_ACCENT_COLOR_NAME = AccentColor;
				CODE_SIGN_STYLE = Automatic;
				INFOPLIST_FILE = Exercise/Info.plist;
				LD_RUNPATH_SEARCH_PATHS = (
					"$(inherited)",
					"@executable_path/Frameworks",
				);
				PRODUCT_BUNDLE_IDENTIFIER = IA.Exercise;
				PRODUCT_NAME = "$(TARGET_NAME)";
				SWIFT_VERSION = 5.0;
				TARGETED_DEVICE_FAMILY = "1,2";
			};
			name = Debug;
		};
		EA97CAED2693F4A300547D4C /* Release */ = {
			isa = XCBuildConfiguration;
			baseConfigurationReference = 9999D93F5D8589EF64062FA4 /* Pods-Exercise.release.xcconfig */;
			buildSettings = {
				ALWAYS_EMBED_SWIFT_STANDARD_LIBRARIES = YES;
				ASSETCATALOG_COMPILER_APPICON_NAME = AppIcon;
				ASSETCATALOG_COMPILER_GLOBAL_ACCENT_COLOR_NAME = AccentColor;
				CODE_SIGN_STYLE = Automatic;
				INFOPLIST_FILE = Exercise/Info.plist;
				LD_RUNPATH_SEARCH_PATHS = (
					"$(inherited)",
					"@executable_path/Frameworks",
				);
				PRODUCT_BUNDLE_IDENTIFIER = IA.Exercise;
				PRODUCT_NAME = "$(TARGET_NAME)";
				SWIFT_VERSION = 5.0;
				TARGETED_DEVICE_FAMILY = "1,2";
			};
			name = Release;
		};
		EA97CAEF2693F4A300547D4C /* Debug */ = {
			isa = XCBuildConfiguration;
			baseConfigurationReference = FA9E6816EAC72BC9F07D7E5D /* Pods-ExerciseTests.debug.xcconfig */;
			buildSettings = {
				ALWAYS_EMBED_SWIFT_STANDARD_LIBRARIES = "$(inherited)";
				BUNDLE_LOADER = "$(TEST_HOST)";
				CODE_SIGN_STYLE = Automatic;
				INFOPLIST_FILE = ExerciseTests/Info.plist;
				IPHONEOS_DEPLOYMENT_TARGET = 14.4;
				LD_RUNPATH_SEARCH_PATHS = (
					"$(inherited)",
					"@executable_path/Frameworks",
					"@loader_path/Frameworks",
				);
				PRODUCT_BUNDLE_IDENTIFIER = IA.ExerciseTests;
				PRODUCT_NAME = "$(TARGET_NAME)";
				SWIFT_VERSION = 5.0;
				TARGETED_DEVICE_FAMILY = "1,2";
				TEST_HOST = "$(BUILT_PRODUCTS_DIR)/Exercise.app/Exercise";
			};
			name = Debug;
		};
		EA97CAF02693F4A300547D4C /* Release */ = {
			isa = XCBuildConfiguration;
			baseConfigurationReference = 8E6958FCCF1ACE1CA964BC02 /* Pods-ExerciseTests.release.xcconfig */;
			buildSettings = {
				ALWAYS_EMBED_SWIFT_STANDARD_LIBRARIES = "$(inherited)";
				BUNDLE_LOADER = "$(TEST_HOST)";
				CODE_SIGN_STYLE = Automatic;
				INFOPLIST_FILE = ExerciseTests/Info.plist;
				IPHONEOS_DEPLOYMENT_TARGET = 14.4;
				LD_RUNPATH_SEARCH_PATHS = (
					"$(inherited)",
					"@executable_path/Frameworks",
					"@loader_path/Frameworks",
				);
				PRODUCT_BUNDLE_IDENTIFIER = IA.ExerciseTests;
				PRODUCT_NAME = "$(TARGET_NAME)";
				SWIFT_VERSION = 5.0;
				TARGETED_DEVICE_FAMILY = "1,2";
				TEST_HOST = "$(BUILT_PRODUCTS_DIR)/Exercise.app/Exercise";
			};
			name = Release;
		};
		EA97CAF22693F4A300547D4C /* Debug */ = {
			isa = XCBuildConfiguration;
			baseConfigurationReference = D3C824FF36D57FD6E571BAFD /* Pods-Exercise-ExerciseUITests.debug.xcconfig */;
			buildSettings = {
				ALWAYS_EMBED_SWIFT_STANDARD_LIBRARIES = "$(inherited)";
				CODE_SIGN_STYLE = Automatic;
				INFOPLIST_FILE = ExerciseUITests/Info.plist;
				LD_RUNPATH_SEARCH_PATHS = (
					"$(inherited)",
					"@executable_path/Frameworks",
					"@loader_path/Frameworks",
				);
				PRODUCT_BUNDLE_IDENTIFIER = IA.ExerciseUITests;
				PRODUCT_NAME = "$(TARGET_NAME)";
				SWIFT_VERSION = 5.0;
				TARGETED_DEVICE_FAMILY = "1,2";
				TEST_TARGET_NAME = Exercise;
			};
			name = Debug;
		};
		EA97CAF32693F4A300547D4C /* Release */ = {
			isa = XCBuildConfiguration;
			baseConfigurationReference = 1219F337DCDBAACAD3C8D1A5 /* Pods-Exercise-ExerciseUITests.release.xcconfig */;
			buildSettings = {
				ALWAYS_EMBED_SWIFT_STANDARD_LIBRARIES = "$(inherited)";
				CODE_SIGN_STYLE = Automatic;
				INFOPLIST_FILE = ExerciseUITests/Info.plist;
				LD_RUNPATH_SEARCH_PATHS = (
					"$(inherited)",
					"@executable_path/Frameworks",
					"@loader_path/Frameworks",
				);
				PRODUCT_BUNDLE_IDENTIFIER = IA.ExerciseUITests;
				PRODUCT_NAME = "$(TARGET_NAME)";
				SWIFT_VERSION = 5.0;
				TARGETED_DEVICE_FAMILY = "1,2";
				TEST_TARGET_NAME = Exercise;
			};
			name = Release;
		};
/* End XCBuildConfiguration section */

/* Begin XCConfigurationList section */
		EA97CABC2693F4A100547D4C /* Build configuration list for PBXProject "Exercise" */ = {
			isa = XCConfigurationList;
			buildConfigurations = (
				EA97CAE92693F4A300547D4C /* Debug */,
				EA97CAEA2693F4A300547D4C /* Release */,
			);
			defaultConfigurationIsVisible = 0;
			defaultConfigurationName = Release;
		};
		EA97CAEB2693F4A300547D4C /* Build configuration list for PBXNativeTarget "Exercise" */ = {
			isa = XCConfigurationList;
			buildConfigurations = (
				EA97CAEC2693F4A300547D4C /* Debug */,
				EA97CAED2693F4A300547D4C /* Release */,
			);
			defaultConfigurationIsVisible = 0;
			defaultConfigurationName = Release;
		};
		EA97CAEE2693F4A300547D4C /* Build configuration list for PBXNativeTarget "ExerciseTests" */ = {
			isa = XCConfigurationList;
			buildConfigurations = (
				EA97CAEF2693F4A300547D4C /* Debug */,
				EA97CAF02693F4A300547D4C /* Release */,
			);
			defaultConfigurationIsVisible = 0;
			defaultConfigurationName = Release;
		};
		EA97CAF12693F4A300547D4C /* Build configuration list for PBXNativeTarget "ExerciseUITests" */ = {
			isa = XCConfigurationList;
			buildConfigurations = (
				EA97CAF22693F4A300547D4C /* Debug */,
				EA97CAF32693F4A300547D4C /* Release */,
			);
			defaultConfigurationIsVisible = 0;
			defaultConfigurationName = Release;
		};
/* End XCConfigurationList section */
	};
	rootObject = EA97CAB92693F4A100547D4C /* Project object */;
}
